{
  "requires": true,
  "lockfileVersion": 1,
  "dependencies": {
    "@vscode/codicons": {
      "version": "0.0.22",
      "resolved": "https://registry.npmjs.org/@vscode/codicons/-/codicons-0.0.22.tgz",
      "integrity": "sha512-Cl3s2vgRhoJJ5nY2qC3JXCF0uoSw4zaMi0ZJIIcyOQTeeQCXIirE522cIRlcIo8cJDspQY9PMgALGvD0afZ5Mg=="
    }
  }
}
